
Microsoft Visual Studio Solution File, Format Version 12.00
# Visual Studio 14
VisualStudioVersion = 14.0.23107.0
MinimumVisualStudioVersion = 10.0.40219.1
Project("{FAE04EC0-301F-11D3-BF4B-00C04F79EFBC}") = "Grading System", "Grading System\Grading System.csproj", "{FBAB1C19-DA0E-4847-9F30-9D755E7E3C9F}"
EndProject
Project("{FAE04EC0-301F-11D3-BF4B-00C04F79EFBC}") = "GSThemes", "Themes\GSThemes.csproj", "{840B91D4-3E63-4157-A130-68825FFB94F4}"
EndProject
Project("{54435603-DBB4-11D2-8724-00A0C9A8B90C}") = "GradingSystemInstaller", "GradingSystemInstaller\GradingSystemInstaller.vdproj", "{7F77200C-7D22-4E92-83AC-1F6763C41347}"
EndProject
Global
	GlobalSection(SolutionConfigurationPlatforms) = preSolution
		Debug|Any CPU = Debug|Any CPU
		Debug|x86 = Debug|x86
		Release|Any CPU = Release|Any CPU
		Release|x86 = Release|x86
	EndGlobalSection
	GlobalSection(ProjectConfigurationPlatforms) = postSolution
		{FBAB1C19-DA0E-4847-9F30-9D755E7E3C9F}.Debug|Any CPU.ActiveCfg = Debug|x86
		{FBAB1C19-DA0E-4847-9F30-9D755E7E3C9F}.Debug|Any CPU.Build.0 = Debug|x86
		{FBAB1C19-DA0E-4847-9F30-9D755E7E3C9F}.Debug|x86.ActiveCfg = Debug|x86
		{FBAB1C19-DA0E-4847-9F30-9D755E7E3C9F}.Debug|x86.Build.0 = Debug|x86
		{FBAB1C19-DA0E-4847-9F30-9D755E7E3C9F}.Release|Any CPU.ActiveCfg = Release|x86
		{FBAB1C19-DA0E-4847-9F30-9D755E7E3C9F}.Release|x86.ActiveCfg = Release|x86
		{FBAB1C19-DA0E-4847-9F30-9D755E7E3C9F}.Release|x86.Build.0 = Release|x86
		{840B91D4-3E63-4157-A130-68825FFB94F4}.Debug|Any CPU.ActiveCfg = Debug|Any CPU
		{840B91D4-3E63-4157-A130-68825FFB94F4}.Debug|Any CPU.Build.0 = Debug|Any CPU
		{840B91D4-3E63-4157-A130-68825FFB94F4}.Debug|x86.ActiveCfg = Debug|Any CPU
		{840B91D4-3E63-4157-A130-68825FFB94F4}.Debug|x86.Build.0 = Debug|Any CPU
		{840B91D4-3E63-4157-A130-68825FFB94F4}.Release|Any CPU.ActiveCfg = Release|Any CPU
		{840B91D4-3E63-4157-A130-68825FFB94F4}.Release|Any CPU.Build.0 = Release|Any CPU
		{840B91D4-3E63-4157-A130-68825FFB94F4}.Release|x86.ActiveCfg = Release|Any CPU
		{840B91D4-3E63-4157-A130-68825FFB94F4}.Release|x86.Build.0 = Release|Any CPU
		{7F77200C-7D22-4E92-83AC-1F6763C41347}.Debug|Any CPU.ActiveCfg = Debug
		{7F77200C-7D22-4E92-83AC-1F6763C41347}.Debug|x86.ActiveCfg = Debug
		{7F77200C-7D22-4E92-83AC-1F6763C41347}.Release|Any CPU.ActiveCfg = Release
		{7F77200C-7D22-4E92-83AC-1F6763C41347}.Release|x86.ActiveCfg = Release
	EndGlobalSection
	GlobalSection(SolutionProperties) = preSolution
		HideSolutionNode = FALSE
	EndGlobalSection
EndGlobal
